<?xml version="1.0" encoding="UTF-8"?>
<!DOCTYPE plist PUBLIC "-//Apple//DTD PLIST 1.0//EN" "http://www.apple.com/DTDs/PropertyList-1.0.dtd">
<plist version="1.0">
<dict>
	<key>archiveVersion</key>
	<string>1</string>
	<key>classes</key>
	<dict/>
	<key>objectVersion</key>
	<string>46</string>
	<key>objects</key>
	<dict>
		<key>0429ED7A1CA413B500428AFB</key>
		<dict>
			<key>children</key>
			<array>
				<string>0429ED851CA413B500428AFB</string>
				<string>0429ED9C1CA413B600428AFB</string>
				<string>0429EDA71CA413B600428AFB</string>
				<string>30E172761CC527050080E797</string>
				<string>30E172801CC527220080E797</string>
				<string>0429ED841CA413B500428AFB</string>
				<string>E32DDB44387993664232A279</string>
				<string>6D3E82D199E8905ABB6F0831</string>
			</array>
			<key>isa</key>
			<string>PBXGroup</string>
			<key>sourceTree</key>
			<string>&lt;group&gt;</string>
		</dict>
		<key>0429ED7B1CA413B500428AFB</key>
		<dict>
			<key>attributes</key>
			<dict>
				<key>LastSwiftUpdateCheck</key>
				<string>0720</string>
				<key>LastUpgradeCheck</key>
				<string>0720</string>
				<key>ORGANIZATIONNAME</key>
				<string>Expedia</string>
				<key>TargetAttributes</key>
				<dict>
					<key>0429ED821CA413B500428AFB</key>
					<dict>
						<key>CreatedOnToolsVersion</key>
						<string>7.2.1</string>
					</dict>
					<key>0429ED981CA413B600428AFB</key>
					<dict>
						<key>CreatedOnToolsVersion</key>
						<string>7.2.1</string>
						<key>TestTargetID</key>
						<string>0429ED821CA413B500428AFB</string>
					</dict>
					<key>0429EDA31CA413B600428AFB</key>
					<dict>
						<key>CreatedOnToolsVersion</key>
						<string>7.2.1</string>
						<key>TestTargetID</key>
						<string>0429ED821CA413B500428AFB</string>
					</dict>
					<key>30E1727E1CC527220080E797</key>
					<dict>
						<key>CreatedOnToolsVersion</key>
						<string>7.2.1</string>
					</dict>
				</dict>
			</dict>
			<key>buildConfigurationList</key>
			<string>0429ED7E1CA413B500428AFB</string>
			<key>compatibilityVersion</key>
			<string>Xcode 3.2</string>
			<key>developmentRegion</key>
			<string>English</string>
			<key>hasScannedForEncodings</key>
			<string>0</string>
			<key>isa</key>
			<string>PBXProject</string>
			<key>knownRegions</key>
			<array>
				<string>en</string>
				<string>Base</string>
			</array>
			<key>mainGroup</key>
			<string>0429ED7A1CA413B500428AFB</string>
			<key>productRefGroup</key>
			<string>0429ED841CA413B500428AFB</string>
			<key>projectDirPath</key>
			<string></string>
			<key>projectReferences</key>
			<array/>
			<key>projectRoot</key>
			<string></string>
			<key>targets</key>
			<array>
				<string>0429ED821CA413B500428AFB</string>
				<string>0429ED981CA413B600428AFB</string>
				<string>0429EDA31CA413B600428AFB</string>
				<string>30E1727E1CC527220080E797</string>
			</array>
		</dict>
		<key>0429ED7E1CA413B500428AFB</key>
		<dict>
			<key>buildConfigurations</key>
			<array>
				<string>0429EDAB1CA413B600428AFB</string>
				<string>0429EDAC1CA413B600428AFB</string>
			</array>
			<key>defaultConfigurationIsVisible</key>
			<string>0</string>
			<key>defaultConfigurationName</key>
			<string>Release</string>
			<key>isa</key>
			<string>XCConfigurationList</string>
		</dict>
		<key>0429ED7F1CA413B500428AFB</key>
		<dict>
			<key>buildActionMask</key>
			<string>2147483647</string>
			<key>files</key>
			<array>
				<string>0429EDBB1CA41D6A00428AFB</string>
				<string>0429ED8B1CA413B600428AFB</string>
				<string>048F46A01CB813B600CABDCF</string>
				<string>0429ED891CA413B500428AFB</string>
				<string>04C67BCB1CBB9B10007968F2</string>
				<string>04758CB81CBCFBC400F5C286</string>
				<string>0429EDB71CA4146800428AFB</string>
				<string>04758CBF1CBD01C900F5C286</string>
				<string>0429EDC11CA426F500428AFB</string>
				<string>0429EDC31CA4273600428AFB</string>
				<string>042EF6D41CBBE49D00E300DE</string>
				<string>04758CBA1CBCFBCA00F5C286</string>
				<string>0429ED871CA413B500428AFB</string>
			</array>
			<key>isa</key>
			<string>PBXSourcesBuildPhase</string>
			<key>runOnlyForDeploymentPostprocessing</key>
			<string>0</string>
		</dict>
		<key>0429ED801CA413B500428AFB</key>
		<dict>
			<key>buildActionMask</key>
			<string>2147483647</string>
			<key>files</key>
			<array>
				<string>554B9FAC48D9E4DE44C0E80F</string>
			</array>
			<key>isa</key>
			<string>PBXFrameworksBuildPhase</string>
			<key>runOnlyForDeploymentPostprocessing</key>
			<string>0</string>
		</dict>
		<key>0429ED811CA413B500428AFB</key>
		<dict>
			<key>buildActionMask</key>
			<string>2147483647</string>
			<key>files</key>
			<array>
				<string>0429ED931CA413B600428AFB</string>
				<string>0429ED901CA413B600428AFB</string>
				<string>0429EDBD1CA41EC000428AFB</string>
			</array>
			<key>isa</key>
			<string>PBXResourcesBuildPhase</string>
			<key>runOnlyForDeploymentPostprocessing</key>
			<string>0</string>
		</dict>
		<key>0429ED821CA413B500428AFB</key>
		<dict>
			<key>buildConfigurationList</key>
			<string>0429EDAD1CA413B600428AFB</string>
			<key>buildPhases</key>
			<array>
				<string>A283CBFDB5C7CC580348BE0A</string>
				<string>0429ED7F1CA413B500428AFB</string>
				<string>0429ED801CA413B500428AFB</string>
				<string>0429ED811CA413B500428AFB</string>
				<string>93684CAE5C82769122935C76</string>
				<string>1B0251541570F89782F18200</string>
			</array>
			<key>buildRules</key>
			<array/>
			<key>dependencies</key>
			<array/>
			<key>isa</key>
			<string>PBXNativeTarget</string>
			<key>name</key>
			<string>ListOfHotels</string>
			<key>productName</key>
			<string>ListOfHotels</string>
			<key>productReference</key>
			<string>0429ED831CA413B500428AFB</string>
			<key>productType</key>
			<string>com.apple.product-type.application</string>
		</dict>
		<key>0429ED831CA413B500428AFB</key>
		<dict>
			<key>explicitFileType</key>
			<string>wrapper.application</string>
			<key>includeInIndex</key>
			<string>0</string>
			<key>isa</key>
			<string>PBXFileReference</string>
			<key>path</key>
			<string>ListOfHotels.app</string>
			<key>sourceTree</key>
			<string>BUILT_PRODUCTS_DIR</string>
		</dict>
		<key>0429ED841CA413B500428AFB</key>
		<dict>
			<key>children</key>
			<array>
				<string>0429ED831CA413B500428AFB</string>
				<string>0429ED991CA413B600428AFB</string>
				<string>0429EDA41CA413B600428AFB</string>
				<string>30E1727F1CC527220080E797</string>
			</array>
			<key>isa</key>
			<string>PBXGroup</string>
			<key>name</key>
			<string>Products</string>
			<key>sourceTree</key>
			<string>&lt;group&gt;</string>
		</dict>
		<key>0429ED851CA413B500428AFB</key>
		<dict>
			<key>children</key>
			<array>
				<string>0429ED861CA413B500428AFB</string>
				<string>042EF6DB1CBC023200E300DE</string>
				<string>042EF6DC1CBC024700E300DE</string>
				<string>042EF6DD1CBC025100E300DE</string>
				<string>04758CBB1CBCFD9800F5C286</string>
			</array>
			<key>isa</key>
			<string>PBXGroup</string>
			<key>path</key>
			<string>ListOfHotels</string>
			<key>sourceTree</key>
			<string>&lt;group&gt;</string>
		</dict>
		<key>0429ED861CA413B500428AFB</key>
		<dict>
			<key>isa</key>
			<string>PBXFileReference</string>
			<key>lastKnownFileType</key>
			<string>sourcecode.swift</string>
			<key>path</key>
			<string>AppDelegate.swift</string>
			<key>sourceTree</key>
			<string>&lt;group&gt;</string>
		</dict>
		<key>0429ED871CA413B500428AFB</key>
		<dict>
			<key>fileRef</key>
			<string>0429ED861CA413B500428AFB</string>
			<key>isa</key>
			<string>PBXBuildFile</string>
		</dict>
		<key>0429ED881CA413B500428AFB</key>
		<dict>
			<key>isa</key>
			<string>PBXFileReference</string>
			<key>lastKnownFileType</key>
			<string>sourcecode.swift</string>
			<key>path</key>
			<string>MasterViewController.swift</string>
			<key>sourceTree</key>
			<string>&lt;group&gt;</string>
		</dict>
		<key>0429ED891CA413B500428AFB</key>
		<dict>
			<key>fileRef</key>
			<string>0429ED881CA413B500428AFB</string>
			<key>isa</key>
			<string>PBXBuildFile</string>
		</dict>
		<key>0429ED8A1CA413B600428AFB</key>
		<dict>
			<key>isa</key>
			<string>PBXFileReference</string>
			<key>lastKnownFileType</key>
			<string>sourcecode.swift</string>
			<key>path</key>
			<string>DetailViewController.swift</string>
			<key>sourceTree</key>
			<string>&lt;group&gt;</string>
		</dict>
		<key>0429ED8B1CA413B600428AFB</key>
		<dict>
			<key>fileRef</key>
			<string>0429ED8A1CA413B600428AFB</string>
			<key>isa</key>
			<string>PBXBuildFile</string>
		</dict>
		<key>0429ED8F1CA413B600428AFB</key>
		<dict>
			<key>isa</key>
			<string>PBXFileReference</string>
			<key>lastKnownFileType</key>
			<string>folder.assetcatalog</string>
			<key>path</key>
			<string>Assets.xcassets</string>
			<key>sourceTree</key>
			<string>&lt;group&gt;</string>
		</dict>
		<key>0429ED901CA413B600428AFB</key>
		<dict>
			<key>fileRef</key>
			<string>0429ED8F1CA413B600428AFB</string>
			<key>isa</key>
			<string>PBXBuildFile</string>
		</dict>
		<key>0429ED911CA413B600428AFB</key>
		<dict>
			<key>children</key>
			<array>
				<string>0429ED921CA413B600428AFB</string>
			</array>
			<key>isa</key>
			<string>PBXVariantGroup</string>
			<key>name</key>
			<string>LaunchScreen.storyboard</string>
			<key>sourceTree</key>
			<string>&lt;group&gt;</string>
		</dict>
		<key>0429ED921CA413B600428AFB</key>
		<dict>
			<key>isa</key>
			<string>PBXFileReference</string>
			<key>lastKnownFileType</key>
			<string>file.storyboard</string>
			<key>name</key>
			<string>Base</string>
			<key>path</key>
			<string>Base.lproj/LaunchScreen.storyboard</string>
			<key>sourceTree</key>
			<string>&lt;group&gt;</string>
		</dict>
		<key>0429ED931CA413B600428AFB</key>
		<dict>
			<key>fileRef</key>
			<string>0429ED911CA413B600428AFB</string>
			<key>isa</key>
			<string>PBXBuildFile</string>
		</dict>
		<key>0429ED941CA413B600428AFB</key>
		<dict>
			<key>isa</key>
			<string>PBXFileReference</string>
			<key>lastKnownFileType</key>
			<string>text.plist.xml</string>
			<key>path</key>
			<string>Info.plist</string>
			<key>sourceTree</key>
			<string>&lt;group&gt;</string>
		</dict>
		<key>0429ED951CA413B600428AFB</key>
		<dict>
			<key>buildActionMask</key>
			<string>2147483647</string>
			<key>files</key>
			<array>
				<string>0429EDC71CA4392900428AFB</string>
				<string>0429EDC51CA434E100428AFB</string>
				<string>0429EDB91CA4154300428AFB</string>
				<string>0429EDC91CA43CF400428AFB</string>
			</array>
			<key>isa</key>
			<string>PBXSourcesBuildPhase</string>
			<key>runOnlyForDeploymentPostprocessing</key>
			<string>0</string>
		</dict>
		<key>0429ED961CA413B600428AFB</key>
		<dict>
			<key>buildActionMask</key>
			<string>2147483647</string>
			<key>files</key>
			<array/>
			<key>isa</key>
			<string>PBXFrameworksBuildPhase</string>
			<key>runOnlyForDeploymentPostprocessing</key>
			<string>0</string>
		</dict>
		<key>0429ED971CA413B600428AFB</key>
		<dict>
			<key>buildActionMask</key>
			<string>2147483647</string>
			<key>files</key>
			<array>
				<string>0429EDCA1CA43EAB00428AFB</string>
			</array>
			<key>isa</key>
			<string>PBXResourcesBuildPhase</string>
			<key>runOnlyForDeploymentPostprocessing</key>
			<string>0</string>
		</dict>
		<key>0429ED981CA413B600428AFB</key>
		<dict>
			<key>buildConfigurationList</key>
			<string>0429EDB01CA413B600428AFB</string>
			<key>buildPhases</key>
			<array>
				<string>0429ED951CA413B600428AFB</string>
				<string>0429ED961CA413B600428AFB</string>
				<string>0429ED971CA413B600428AFB</string>
			</array>
			<key>buildRules</key>
			<array/>
			<key>dependencies</key>
			<array>
				<string>0429ED9B1CA413B600428AFB</string>
			</array>
			<key>isa</key>
			<string>PBXNativeTarget</string>
			<key>name</key>
			<string>ListOfHotelsTests</string>
			<key>productName</key>
			<string>ListOfHotelsTests</string>
			<key>productReference</key>
			<string>0429ED991CA413B600428AFB</string>
			<key>productType</key>
			<string>com.apple.product-type.bundle.unit-test</string>
		</dict>
		<key>0429ED991CA413B600428AFB</key>
		<dict>
			<key>explicitFileType</key>
			<string>wrapper.cfbundle</string>
			<key>includeInIndex</key>
			<string>0</string>
			<key>isa</key>
			<string>PBXFileReference</string>
			<key>path</key>
			<string>ListOfHotelsTests.xctest</string>
			<key>sourceTree</key>
			<string>BUILT_PRODUCTS_DIR</string>
		</dict>
		<key>0429ED9A1CA413B600428AFB</key>
		<dict>
			<key>containerPortal</key>
			<string>0429ED7B1CA413B500428AFB</string>
			<key>isa</key>
			<string>PBXContainerItemProxy</string>
			<key>proxyType</key>
			<string>1</string>
			<key>remoteGlobalIDString</key>
			<string>0429ED821CA413B500428AFB</string>
			<key>remoteInfo</key>
			<string>ListOfHotels</string>
		</dict>
		<key>0429ED9B1CA413B600428AFB</key>
		<dict>
			<key>isa</key>
			<string>PBXTargetDependency</string>
			<key>target</key>
			<string>0429ED821CA413B500428AFB</string>
			<key>targetProxy</key>
			<string>0429ED9A1CA413B600428AFB</string>
		</dict>
		<key>0429ED9C1CA413B600428AFB</key>
		<dict>
			<key>children</key>
			<array>
				<string>0429EDB81CA4154300428AFB</string>
				<string>0429EDC41CA434E100428AFB</string>
				<string>0429EDC61CA4392900428AFB</string>
				<string>0429EDC81CA43CF400428AFB</string>
				<string>0429ED9F1CA413B600428AFB</string>
			</array>
			<key>isa</key>
			<string>PBXGroup</string>
			<key>path</key>
			<string>ListOfHotelsTests</string>
			<key>sourceTree</key>
			<string>&lt;group&gt;</string>
		</dict>
		<key>0429ED9F1CA413B600428AFB</key>
		<dict>
			<key>isa</key>
			<string>PBXFileReference</string>
			<key>lastKnownFileType</key>
			<string>text.plist.xml</string>
			<key>path</key>
			<string>Info.plist</string>
			<key>sourceTree</key>
			<string>&lt;group&gt;</string>
		</dict>
		<key>0429EDA01CA413B600428AFB</key>
		<dict>
			<key>buildActionMask</key>
			<string>2147483647</string>
			<key>files</key>
			<array>
				<string>0429EDA91CA413B600428AFB</string>
			</array>
			<key>isa</key>
			<string>PBXSourcesBuildPhase</string>
			<key>runOnlyForDeploymentPostprocessing</key>
			<string>0</string>
		</dict>
		<key>0429EDA11CA413B600428AFB</key>
		<dict>
			<key>buildActionMask</key>
			<string>2147483647</string>
			<key>files</key>
			<array/>
			<key>isa</key>
			<string>PBXFrameworksBuildPhase</string>
			<key>runOnlyForDeploymentPostprocessing</key>
			<string>0</string>
		</dict>
		<key>0429EDA21CA413B600428AFB</key>
		<dict>
			<key>buildActionMask</key>
			<string>2147483647</string>
			<key>files</key>
			<array/>
			<key>isa</key>
			<string>PBXResourcesBuildPhase</string>
			<key>runOnlyForDeploymentPostprocessing</key>
			<string>0</string>
		</dict>
		<key>0429EDA31CA413B600428AFB</key>
		<dict>
			<key>buildConfigurationList</key>
			<string>0429EDB31CA413B600428AFB</string>
			<key>buildPhases</key>
			<array>
				<string>0429EDA01CA413B600428AFB</string>
				<string>0429EDA11CA413B600428AFB</string>
				<string>0429EDA21CA413B600428AFB</string>
			</array>
			<key>buildRules</key>
			<array/>
			<key>dependencies</key>
			<array>
				<string>0429EDA61CA413B600428AFB</string>
			</array>
			<key>isa</key>
			<string>PBXNativeTarget</string>
			<key>name</key>
			<string>ListOfHotelsUITests</string>
			<key>productName</key>
			<string>ListOfHotelsUITests</string>
			<key>productReference</key>
			<string>0429EDA41CA413B600428AFB</string>
			<key>productType</key>
			<string>com.apple.product-type.bundle.ui-testing</string>
		</dict>
		<key>0429EDA41CA413B600428AFB</key>
		<dict>
			<key>explicitFileType</key>
			<string>wrapper.cfbundle</string>
			<key>includeInIndex</key>
			<string>0</string>
			<key>isa</key>
			<string>PBXFileReference</string>
			<key>path</key>
			<string>ListOfHotelsUITests.xctest</string>
			<key>sourceTree</key>
			<string>BUILT_PRODUCTS_DIR</string>
		</dict>
		<key>0429EDA51CA413B600428AFB</key>
		<dict>
			<key>containerPortal</key>
			<string>0429ED7B1CA413B500428AFB</string>
			<key>isa</key>
			<string>PBXContainerItemProxy</string>
			<key>proxyType</key>
			<string>1</string>
			<key>remoteGlobalIDString</key>
			<string>0429ED821CA413B500428AFB</string>
			<key>remoteInfo</key>
			<string>ListOfHotels</string>
		</dict>
		<key>0429EDA61CA413B600428AFB</key>
		<dict>
			<key>isa</key>
			<string>PBXTargetDependency</string>
			<key>target</key>
			<string>0429ED821CA413B500428AFB</string>
			<key>targetProxy</key>
			<string>0429EDA51CA413B600428AFB</string>
		</dict>
		<key>0429EDA71CA413B600428AFB</key>
		<dict>
			<key>children</key>
			<array>
				<string>0429EDA81CA413B600428AFB</string>
				<string>0429EDAA1CA413B600428AFB</string>
			</array>
			<key>isa</key>
			<string>PBXGroup</string>
			<key>path</key>
			<string>ListOfHotelsUITests</string>
			<key>sourceTree</key>
			<string>&lt;group&gt;</string>
		</dict>
		<key>0429EDA81CA413B600428AFB</key>
		<dict>
			<key>isa</key>
			<string>PBXFileReference</string>
			<key>lastKnownFileType</key>
			<string>sourcecode.swift</string>
			<key>path</key>
			<string>ListOfHotelsUITests.swift</string>
			<key>sourceTree</key>
			<string>&lt;group&gt;</string>
		</dict>
		<key>0429EDA91CA413B600428AFB</key>
		<dict>
			<key>fileRef</key>
			<string>0429EDA81CA413B600428AFB</string>
			<key>isa</key>
			<string>PBXBuildFile</string>
		</dict>
		<key>0429EDAA1CA413B600428AFB</key>
		<dict>
			<key>isa</key>
			<string>PBXFileReference</string>
			<key>lastKnownFileType</key>
			<string>text.plist.xml</string>
			<key>path</key>
			<string>Info.plist</string>
			<key>sourceTree</key>
			<string>&lt;group&gt;</string>
		</dict>
		<key>0429EDAB1CA413B600428AFB</key>
		<dict>
			<key>buildSettings</key>
			<dict>
				<key>ALWAYS_SEARCH_USER_PATHS</key>
				<string>NO</string>
				<key>CLANG_CXX_LANGUAGE_STANDARD</key>
				<string>gnu++0x</string>
				<key>CLANG_CXX_LIBRARY</key>
				<string>libc++</string>
				<key>CLANG_ENABLE_MODULES</key>
				<string>YES</string>
				<key>CLANG_ENABLE_OBJC_ARC</key>
				<string>YES</string>
				<key>CLANG_WARN_BOOL_CONVERSION</key>
				<string>YES</string>
				<key>CLANG_WARN_CONSTANT_CONVERSION</key>
				<string>YES</string>
				<key>CLANG_WARN_DIRECT_OBJC_ISA_USAGE</key>
				<string>YES_ERROR</string>
				<key>CLANG_WARN_EMPTY_BODY</key>
				<string>YES</string>
				<key>CLANG_WARN_ENUM_CONVERSION</key>
				<string>YES</string>
				<key>CLANG_WARN_INT_CONVERSION</key>
				<string>YES</string>
				<key>CLANG_WARN_OBJC_ROOT_CLASS</key>
				<string>YES_ERROR</string>
				<key>CLANG_WARN_UNREACHABLE_CODE</key>
				<string>YES</string>
				<key>CLANG_WARN__DUPLICATE_METHOD_MATCH</key>
				<string>YES</string>
				<key>CODE_SIGN_IDENTITY[sdk=iphoneos*]</key>
				<string>iPhone Developer</string>
				<key>COPY_PHASE_STRIP</key>
				<string>NO</string>
				<key>DEBUG_INFORMATION_FORMAT</key>
				<string>dwarf</string>
				<key>ENABLE_STRICT_OBJC_MSGSEND</key>
				<string>YES</string>
				<key>ENABLE_TESTABILITY</key>
				<string>YES</string>
				<key>GCC_C_LANGUAGE_STANDARD</key>
				<string>gnu99</string>
				<key>GCC_DYNAMIC_NO_PIC</key>
				<string>NO</string>
				<key>GCC_NO_COMMON_BLOCKS</key>
				<string>YES</string>
				<key>GCC_OPTIMIZATION_LEVEL</key>
				<string>0</string>
				<key>GCC_PREPROCESSOR_DEFINITIONS</key>
				<array>
					<string>DEBUG=1</string>
					<string>$(inherited)</string>
				</array>
				<key>GCC_WARN_64_TO_32_BIT_CONVERSION</key>
				<string>YES</string>
				<key>GCC_WARN_ABOUT_RETURN_TYPE</key>
				<string>YES_ERROR</string>
				<key>GCC_WARN_UNDECLARED_SELECTOR</key>
				<string>YES</string>
				<key>GCC_WARN_UNINITIALIZED_AUTOS</key>
				<string>YES_AGGRESSIVE</string>
				<key>GCC_WARN_UNUSED_FUNCTION</key>
				<string>YES</string>
				<key>GCC_WARN_UNUSED_VARIABLE</key>
				<string>YES</string>
				<key>IPHONEOS_DEPLOYMENT_TARGET</key>
				<string>9.2</string>
				<key>MTL_ENABLE_DEBUG_INFO</key>
				<string>YES</string>
				<key>ONLY_ACTIVE_ARCH</key>
				<string>YES</string>
				<key>SDKROOT</key>
				<string>iphoneos</string>
				<key>SWIFT_OPTIMIZATION_LEVEL</key>
				<string>-Onone</string>
				<key>TARGETED_DEVICE_FAMILY</key>
				<string>1,2</string>
			</dict>
			<key>isa</key>
			<string>XCBuildConfiguration</string>
			<key>name</key>
			<string>Debug</string>
		</dict>
		<key>0429EDAC1CA413B600428AFB</key>
		<dict>
			<key>buildSettings</key>
			<dict>
				<key>ALWAYS_SEARCH_USER_PATHS</key>
				<string>NO</string>
				<key>CLANG_CXX_LANGUAGE_STANDARD</key>
				<string>gnu++0x</string>
				<key>CLANG_CXX_LIBRARY</key>
				<string>libc++</string>
				<key>CLANG_ENABLE_MODULES</key>
				<string>YES</string>
				<key>CLANG_ENABLE_OBJC_ARC</key>
				<string>YES</string>
				<key>CLANG_WARN_BOOL_CONVERSION</key>
				<string>YES</string>
				<key>CLANG_WARN_CONSTANT_CONVERSION</key>
				<string>YES</string>
				<key>CLANG_WARN_DIRECT_OBJC_ISA_USAGE</key>
				<string>YES_ERROR</string>
				<key>CLANG_WARN_EMPTY_BODY</key>
				<string>YES</string>
				<key>CLANG_WARN_ENUM_CONVERSION</key>
				<string>YES</string>
				<key>CLANG_WARN_INT_CONVERSION</key>
				<string>YES</string>
				<key>CLANG_WARN_OBJC_ROOT_CLASS</key>
				<string>YES_ERROR</string>
				<key>CLANG_WARN_UNREACHABLE_CODE</key>
				<string>YES</string>
				<key>CLANG_WARN__DUPLICATE_METHOD_MATCH</key>
				<string>YES</string>
				<key>CODE_SIGN_IDENTITY[sdk=iphoneos*]</key>
				<string>iPhone Developer</string>
				<key>COPY_PHASE_STRIP</key>
				<string>NO</string>
				<key>DEBUG_INFORMATION_FORMAT</key>
				<string>dwarf-with-dsym</string>
				<key>ENABLE_NS_ASSERTIONS</key>
				<string>NO</string>
				<key>ENABLE_STRICT_OBJC_MSGSEND</key>
				<string>YES</string>
				<key>GCC_C_LANGUAGE_STANDARD</key>
				<string>gnu99</string>
				<key>GCC_NO_COMMON_BLOCKS</key>
				<string>YES</string>
				<key>GCC_WARN_64_TO_32_BIT_CONVERSION</key>
				<string>YES</string>
				<key>GCC_WARN_ABOUT_RETURN_TYPE</key>
				<string>YES_ERROR</string>
				<key>GCC_WARN_UNDECLARED_SELECTOR</key>
				<string>YES</string>
				<key>GCC_WARN_UNINITIALIZED_AUTOS</key>
				<string>YES_AGGRESSIVE</string>
				<key>GCC_WARN_UNUSED_FUNCTION</key>
				<string>YES</string>
				<key>GCC_WARN_UNUSED_VARIABLE</key>
				<string>YES</string>
				<key>IPHONEOS_DEPLOYMENT_TARGET</key>
				<string>9.2</string>
				<key>MTL_ENABLE_DEBUG_INFO</key>
				<string>NO</string>
				<key>SDKROOT</key>
				<string>iphoneos</string>
				<key>TARGETED_DEVICE_FAMILY</key>
				<string>1,2</string>
				<key>VALIDATE_PRODUCT</key>
				<string>YES</string>
			</dict>
			<key>isa</key>
			<string>XCBuildConfiguration</string>
			<key>name</key>
			<string>Release</string>
		</dict>
		<key>0429EDAD1CA413B600428AFB</key>
		<dict>
			<key>buildConfigurations</key>
			<array>
				<string>0429EDAE1CA413B600428AFB</string>
				<string>0429EDAF1CA413B600428AFB</string>
			</array>
			<key>defaultConfigurationIsVisible</key>
			<string>0</string>
			<key>defaultConfigurationName</key>
			<string>Release</string>
			<key>isa</key>
			<string>XCConfigurationList</string>
		</dict>
		<key>0429EDAE1CA413B600428AFB</key>
		<dict>
			<key>baseConfigurationReference</key>
			<string>831DF2ACE9D48C330DC17A4D</string>
			<key>buildSettings</key>
			<dict>
				<key>ASSETCATALOG_COMPILER_APPICON_NAME</key>
				<string>AppIcon</string>
				<key>CLANG_ENABLE_MODULES</key>
				<string>YES</string>
				<key>DEFINES_MODULE</key>
				<string>YES</string>
				<key>INFOPLIST_FILE</key>
				<string>ListOfHotels/Info.plist</string>
				<key>LD_RUNPATH_SEARCH_PATHS</key>
				<string>$(inherited) @executable_path/Frameworks</string>
				<key>PRODUCT_BUNDLE_IDENTIFIER</key>
				<string>hotels.ListOfHotels</string>
				<key>PRODUCT_NAME</key>
				<string>$(TARGET_NAME)</string>
				<key>SWIFT_OBJC_BRIDGING_HEADER</key>
				<string>ListOfHotels/ListOfHotels-Bridging-Header.h</string>
				<key>SWIFT_OPTIMIZATION_LEVEL</key>
				<string>-Onone</string>
			</dict>
			<key>isa</key>
			<string>XCBuildConfiguration</string>
			<key>name</key>
			<string>Debug</string>
		</dict>
		<key>0429EDAF1CA413B600428AFB</key>
		<dict>
			<key>baseConfigurationReference</key>
			<string>689B61EB35E373241BEC84A6</string>
			<key>buildSettings</key>
			<dict>
				<key>ASSETCATALOG_COMPILER_APPICON_NAME</key>
				<string>AppIcon</string>
				<key>CLANG_ENABLE_MODULES</key>
				<string>YES</string>
				<key>DEFINES_MODULE</key>
				<string>YES</string>
				<key>INFOPLIST_FILE</key>
				<string>ListOfHotels/Info.plist</string>
				<key>LD_RUNPATH_SEARCH_PATHS</key>
				<string>$(inherited) @executable_path/Frameworks</string>
				<key>PRODUCT_BUNDLE_IDENTIFIER</key>
				<string>hotels.ListOfHotels</string>
				<key>PRODUCT_NAME</key>
				<string>$(TARGET_NAME)</string>
				<key>SWIFT_OBJC_BRIDGING_HEADER</key>
				<string>ListOfHotels/ListOfHotels-Bridging-Header.h</string>
			</dict>
			<key>isa</key>
			<string>XCBuildConfiguration</string>
			<key>name</key>
			<string>Release</string>
		</dict>
		<key>0429EDB01CA413B600428AFB</key>
		<dict>
			<key>buildConfigurations</key>
			<array>
				<string>0429EDB11CA413B600428AFB</string>
				<string>0429EDB21CA413B600428AFB</string>
			</array>
			<key>defaultConfigurationIsVisible</key>
			<string>0</string>
			<key>defaultConfigurationName</key>
			<string>Release</string>
			<key>isa</key>
			<string>XCConfigurationList</string>
		</dict>
		<key>0429EDB11CA413B600428AFB</key>
		<dict>
			<key>buildSettings</key>
			<dict>
				<key>BUNDLE_LOADER</key>
				<string>$(TEST_HOST)</string>
				<key>INFOPLIST_FILE</key>
				<string>ListOfHotelsTests/Info.plist</string>
				<key>LD_RUNPATH_SEARCH_PATHS</key>
				<string>$(inherited) @executable_path/Frameworks @loader_path/Frameworks</string>
				<key>PRODUCT_BUNDLE_IDENTIFIER</key>
				<string>hotels.ListOfHotelsTests</string>
				<key>PRODUCT_NAME</key>
				<string>$(TARGET_NAME)</string>
				<key>TEST_HOST</key>
				<string>$(BUILT_PRODUCTS_DIR)/ListOfHotels.app/ListOfHotels</string>
			</dict>
			<key>isa</key>
			<string>XCBuildConfiguration</string>
			<key>name</key>
			<string>Debug</string>
		</dict>
		<key>0429EDB21CA413B600428AFB</key>
		<dict>
			<key>buildSettings</key>
			<dict>
				<key>BUNDLE_LOADER</key>
				<string>$(TEST_HOST)</string>
				<key>INFOPLIST_FILE</key>
				<string>ListOfHotelsTests/Info.plist</string>
				<key>LD_RUNPATH_SEARCH_PATHS</key>
				<string>$(inherited) @executable_path/Frameworks @loader_path/Frameworks</string>
				<key>PRODUCT_BUNDLE_IDENTIFIER</key>
				<string>hotels.ListOfHotelsTests</string>
				<key>PRODUCT_NAME</key>
				<string>$(TARGET_NAME)</string>
				<key>TEST_HOST</key>
				<string>$(BUILT_PRODUCTS_DIR)/ListOfHotels.app/ListOfHotels</string>
			</dict>
			<key>isa</key>
			<string>XCBuildConfiguration</string>
			<key>name</key>
			<string>Release</string>
		</dict>
		<key>0429EDB31CA413B600428AFB</key>
		<dict>
			<key>buildConfigurations</key>
			<array>
				<string>0429EDB41CA413B600428AFB</string>
				<string>0429EDB51CA413B600428AFB</string>
			</array>
			<key>defaultConfigurationIsVisible</key>
			<string>0</string>
			<key>defaultConfigurationName</key>
			<string>Release</string>
			<key>isa</key>
			<string>XCConfigurationList</string>
		</dict>
		<key>0429EDB41CA413B600428AFB</key>
		<dict>
			<key>buildSettings</key>
			<dict>
				<key>INFOPLIST_FILE</key>
				<string>ListOfHotelsUITests/Info.plist</string>
				<key>LD_RUNPATH_SEARCH_PATHS</key>
				<string>$(inherited) @executable_path/Frameworks @loader_path/Frameworks</string>
				<key>PRODUCT_BUNDLE_IDENTIFIER</key>
				<string>hotels.ListOfHotelsUITests</string>
				<key>PRODUCT_NAME</key>
				<string>$(TARGET_NAME)</string>
				<key>TEST_TARGET_NAME</key>
				<string>ListOfHotels</string>
				<key>USES_XCTRUNNER</key>
				<string>YES</string>
			</dict>
			<key>isa</key>
			<string>XCBuildConfiguration</string>
			<key>name</key>
			<string>Debug</string>
		</dict>
		<key>0429EDB51CA413B600428AFB</key>
		<dict>
			<key>buildSettings</key>
			<dict>
				<key>INFOPLIST_FILE</key>
				<string>ListOfHotelsUITests/Info.plist</string>
				<key>LD_RUNPATH_SEARCH_PATHS</key>
				<string>$(inherited) @executable_path/Frameworks @loader_path/Frameworks</string>
				<key>PRODUCT_BUNDLE_IDENTIFIER</key>
				<string>hotels.ListOfHotelsUITests</string>
				<key>PRODUCT_NAME</key>
				<string>$(TARGET_NAME)</string>
				<key>TEST_TARGET_NAME</key>
				<string>ListOfHotels</string>
				<key>USES_XCTRUNNER</key>
				<string>YES</string>
			</dict>
			<key>isa</key>
			<string>XCBuildConfiguration</string>
			<key>name</key>
			<string>Release</string>
		</dict>
		<key>0429EDB61CA4146800428AFB</key>
		<dict>
			<key>fileEncoding</key>
			<string>4</string>
			<key>isa</key>
			<string>PBXFileReference</string>
			<key>lastKnownFileType</key>
			<string>sourcecode.swift</string>
			<key>path</key>
			<string>Hotel.swift</string>
			<key>sourceTree</key>
			<string>&lt;group&gt;</string>
		</dict>
		<key>0429EDB71CA4146800428AFB</key>
		<dict>
			<key>fileRef</key>
			<string>0429EDB61CA4146800428AFB</string>
			<key>isa</key>
			<string>PBXBuildFile</string>
		</dict>
		<key>0429EDB81CA4154300428AFB</key>
		<dict>
			<key>fileEncoding</key>
			<string>4</string>
			<key>isa</key>
			<string>PBXFileReference</string>
			<key>lastKnownFileType</key>
			<string>sourcecode.swift</string>
			<key>path</key>
			<string>HotelTests.swift</string>
			<key>sourceTree</key>
			<string>&lt;group&gt;</string>
		</dict>
		<key>0429EDB91CA4154300428AFB</key>
		<dict>
			<key>fileRef</key>
			<string>0429EDB81CA4154300428AFB</string>
			<key>isa</key>
			<string>PBXBuildFile</string>
		</dict>
		<key>0429EDBA1CA41D6A00428AFB</key>
		<dict>
			<key>fileEncoding</key>
			<string>4</string>
			<key>isa</key>
			<string>PBXFileReference</string>
			<key>lastKnownFileType</key>
			<string>sourcecode.swift</string>
			<key>path</key>
			<string>Network.swift</string>
			<key>sourceTree</key>
			<string>&lt;group&gt;</string>
		</dict>
		<key>0429EDBB1CA41D6A00428AFB</key>
		<dict>
			<key>fileRef</key>
			<string>0429EDBA1CA41D6A00428AFB</string>
			<key>isa</key>
			<string>PBXBuildFile</string>
		</dict>
		<key>0429EDBC1CA41EC000428AFB</key>
		<dict>
			<key>fileEncoding</key>
			<string>4</string>
			<key>isa</key>
			<string>PBXFileReference</string>
			<key>lastKnownFileType</key>
			<string>text.json</string>
			<key>path</key>
			<string>hotels_sample.json</string>
			<key>sourceTree</key>
			<string>&lt;group&gt;</string>
		</dict>
		<key>0429EDBD1CA41EC000428AFB</key>
		<dict>
			<key>fileRef</key>
			<string>0429EDBC1CA41EC000428AFB</string>
			<key>isa</key>
			<string>PBXBuildFile</string>
		</dict>
		<key>0429EDC01CA426F500428AFB</key>
		<dict>
			<key>fileEncoding</key>
			<string>4</string>
			<key>isa</key>
			<string>PBXFileReference</string>
			<key>lastKnownFileType</key>
			<string>sourcecode.swift</string>
			<key>path</key>
			<string>HotelFetcher.swift</string>
			<key>sourceTree</key>
			<string>&lt;group&gt;</string>
		</dict>
		<key>0429EDC11CA426F500428AFB</key>
		<dict>
			<key>fileRef</key>
			<string>0429EDC01CA426F500428AFB</string>
			<key>isa</key>
			<string>PBXBuildFile</string>
		</dict>
		<key>0429EDC21CA4273600428AFB</key>
		<dict>
			<key>fileEncoding</key>
			<string>4</string>
			<key>isa</key>
			<string>PBXFileReference</string>
			<key>lastKnownFileType</key>
			<string>sourcecode.swift</string>
			<key>path</key>
			<string>HotelParser.swift</string>
			<key>sourceTree</key>
			<string>&lt;group&gt;</string>
		</dict>
		<key>0429EDC31CA4273600428AFB</key>
		<dict>
			<key>fileRef</key>
			<string>0429EDC21CA4273600428AFB</string>
			<key>isa</key>
			<string>PBXBuildFile</string>
		</dict>
		<key>0429EDC41CA434E100428AFB</key>
		<dict>
			<key>fileEncoding</key>
			<string>4</string>
			<key>isa</key>
			<string>PBXFileReference</string>
			<key>lastKnownFileType</key>
			<string>sourcecode.swift</string>
			<key>path</key>
			<string>HotelFetcherTests.swift</string>
			<key>sourceTree</key>
			<string>&lt;group&gt;</string>
		</dict>
		<key>0429EDC51CA434E100428AFB</key>
		<dict>
			<key>fileRef</key>
			<string>0429EDC41CA434E100428AFB</string>
			<key>isa</key>
			<string>PBXBuildFile</string>
		</dict>
		<key>0429EDC61CA4392900428AFB</key>
		<dict>
			<key>fileEncoding</key>
			<string>4</string>
			<key>isa</key>
			<string>PBXFileReference</string>
			<key>lastKnownFileType</key>
			<string>sourcecode.swift</string>
			<key>path</key>
			<string>MasterViewControllerTests.swift</string>
			<key>sourceTree</key>
			<string>&lt;group&gt;</string>
		</dict>
		<key>0429EDC71CA4392900428AFB</key>
		<dict>
			<key>fileRef</key>
			<string>0429EDC61CA4392900428AFB</string>
			<key>isa</key>
			<string>PBXBuildFile</string>
		</dict>
		<key>0429EDC81CA43CF400428AFB</key>
		<dict>
			<key>fileEncoding</key>
			<string>4</string>
			<key>isa</key>
			<string>PBXFileReference</string>
			<key>lastKnownFileType</key>
			<string>sourcecode.swift</string>
			<key>path</key>
			<string>HotelParserTests.swift</string>
			<key>sourceTree</key>
			<string>&lt;group&gt;</string>
		</dict>
		<key>0429EDC91CA43CF400428AFB</key>
		<dict>
			<key>fileRef</key>
			<string>0429EDC81CA43CF400428AFB</string>
			<key>isa</key>
			<string>PBXBuildFile</string>
		</dict>
		<key>0429EDCA1CA43EAB00428AFB</key>
		<dict>
			<key>fileRef</key>
			<string>0429EDBC1CA41EC000428AFB</string>
			<key>isa</key>
			<string>PBXBuildFile</string>
		</dict>
		<key>042EF6D21CBBE49D00E300DE</key>
		<dict>
			<key>fileEncoding</key>
			<string>4</string>
			<key>isa</key>
			<string>PBXFileReference</string>
			<key>lastKnownFileType</key>
			<string>sourcecode.c.h</string>
			<key>path</key>
			<string>HotelComponent.h</string>
			<key>sourceTree</key>
			<string>&lt;group&gt;</string>
		</dict>
		<key>042EF6D31CBBE49D00E300DE</key>
		<dict>
			<key>fileEncoding</key>
			<string>4</string>
			<key>isa</key>
			<string>PBXFileReference</string>
			<key>lastKnownFileType</key>
			<string>sourcecode.cpp.objcpp</string>
			<key>path</key>
			<string>HotelComponent.mm</string>
			<key>sourceTree</key>
			<string>&lt;group&gt;</string>
		</dict>
		<key>042EF6D41CBBE49D00E300DE</key>
		<dict>
			<key>fileRef</key>
			<string>042EF6D31CBBE49D00E300DE</string>
			<key>isa</key>
			<string>PBXBuildFile</string>
		</dict>
		<key>042EF6DB1CBC023200E300DE</key>
		<dict>
			<key>children</key>
			<array>
				<string>0429EDBC1CA41EC000428AFB</string>
				<string>0429EDB61CA4146800428AFB</string>
				<string>0429EDC01CA426F500428AFB</string>
				<string>04758CBD1CBD01A300F5C286</string>
				<string>04758CBC1CBD018400F5C286</string>
			</array>
			<key>isa</key>
			<string>PBXGroup</string>
			<key>name</key>
			<string>Backend</string>
			<key>sourceTree</key>
			<string>&lt;group&gt;</string>
		</dict>
		<key>042EF6DC1CBC024700E300DE</key>
		<dict>
			<key>children</key>
			<array>
				<string>0429ED8A1CA413B600428AFB</string>
				<string>0429ED881CA413B500428AFB</string>
				<string>048F469E1CB813B600CABDCF</string>
				<string>048F469F1CB813B600CABDCF</string>
				<string>04C67BC91CBB9B10007968F2</string>
				<string>04C67BCA1CBB9B10007968F2</string>
			</array>
			<key>isa</key>
			<string>PBXGroup</string>
			<key>name</key>
			<string>Middle Layer</string>
			<key>sourceTree</key>
			<string>&lt;group&gt;</string>
		</dict>
		<key>042EF6DD1CBC025100E300DE</key>
		<dict>
			<key>children</key>
			<array>
				<string>042EF6D21CBBE49D00E300DE</string>
				<string>042EF6D31CBBE49D00E300DE</string>
			</array>
			<key>isa</key>
			<string>PBXGroup</string>
			<key>name</key>
			<string>Front End</string>
			<key>sourceTree</key>
			<string>&lt;group&gt;</string>
		</dict>
		<key>04758CB71CBCFBC400F5C286</key>
		<dict>
			<key>fileEncoding</key>
			<string>4</string>
			<key>isa</key>
			<string>PBXFileReference</string>
			<key>lastKnownFileType</key>
			<string>sourcecode.swift</string>
			<key>path</key>
			<string>FakeNetwork.swift</string>
			<key>sourceTree</key>
			<string>&lt;group&gt;</string>
		</dict>
		<key>04758CB81CBCFBC400F5C286</key>
		<dict>
			<key>fileRef</key>
			<string>04758CB71CBCFBC400F5C286</string>
			<key>isa</key>
			<string>PBXBuildFile</string>
		</dict>
		<key>04758CB91CBCFBCA00F5C286</key>
		<dict>
			<key>fileEncoding</key>
			<string>4</string>
			<key>isa</key>
			<string>PBXFileReference</string>
			<key>lastKnownFileType</key>
			<string>sourcecode.swift</string>
			<key>path</key>
			<string>RealNetwork.swift</string>
			<key>sourceTree</key>
			<string>&lt;group&gt;</string>
		</dict>
		<key>04758CBA1CBCFBCA00F5C286</key>
		<dict>
			<key>fileRef</key>
			<string>04758CB91CBCFBCA00F5C286</string>
			<key>isa</key>
			<string>PBXBuildFile</string>
		</dict>
		<key>04758CBB1CBCFD9800F5C286</key>
		<dict>
			<key>children</key>
			<array>
				<string>0429ED8F1CA413B600428AFB</string>
				<string>0429ED911CA413B600428AFB</string>
				<string>0429ED941CA413B600428AFB</string>
				<string>048F469D1CB813B600CABDCF</string>
			</array>
			<key>isa</key>
			<string>PBXGroup</string>
			<key>name</key>
			<string>Misc</string>
			<key>sourceTree</key>
			<string>&lt;group&gt;</string>
		</dict>
		<key>04758CBC1CBD018400F5C286</key>
		<dict>
			<key>children</key>
			<array>
				<string>0429EDBA1CA41D6A00428AFB</string>
				<string>04758CB71CBCFBC400F5C286</string>
				<string>04758CB91CBCFBCA00F5C286</string>
			</array>
			<key>isa</key>
			<string>PBXGroup</string>
			<key>name</key>
			<string>Network</string>
			<key>sourceTree</key>
			<string>&lt;group&gt;</string>
		</dict>
		<key>04758CBD1CBD01A300F5C286</key>
		<dict>
			<key>children</key>
			<array>
				<string>0429EDC21CA4273600428AFB</string>
				<string>04758CBE1CBD01C900F5C286</string>
			</array>
			<key>isa</key>
			<string>PBXGroup</string>
			<key>name</key>
			<string>Parser</string>
			<key>sourceTree</key>
			<string>&lt;group&gt;</string>
		</dict>
		<key>04758CBE1CBD01C900F5C286</key>
		<dict>
			<key>fileEncoding</key>
			<string>4</string>
			<key>isa</key>
			<string>PBXFileReference</string>
			<key>lastKnownFileType</key>
			<string>sourcecode.swift</string>
			<key>path</key>
			<string>HotelParsing.swift</string>
			<key>sourceTree</key>
			<string>&lt;group&gt;</string>
		</dict>
		<key>04758CBF1CBD01C900F5C286</key>
		<dict>
			<key>fileRef</key>
			<string>04758CBE1CBD01C900F5C286</string>
			<key>isa</key>
			<string>PBXBuildFile</string>
		</dict>
		<key>048F469D1CB813B600CABDCF</key>
		<dict>
			<key>isa</key>
			<string>PBXFileReference</string>
			<key>lastKnownFileType</key>
			<string>sourcecode.c.h</string>
			<key>path</key>
			<string>ListOfHotels-Bridging-Header.h</string>
			<key>sourceTree</key>
			<string>&lt;group&gt;</string>
		</dict>
		<key>048F469E1CB813B600CABDCF</key>
		<dict>
			<key>fileEncoding</key>
			<string>4</string>
			<key>isa</key>
			<string>PBXFileReference</string>
			<key>lastKnownFileType</key>
			<string>sourcecode.c.h</string>
			<key>path</key>
			<string>DataSource.h</string>
			<key>sourceTree</key>
			<string>&lt;group&gt;</string>
		</dict>
		<key>048F469F1CB813B600CABDCF</key>
		<dict>
			<key>fileEncoding</key>
			<string>4</string>
			<key>isa</key>
			<string>PBXFileReference</string>
			<key>lastKnownFileType</key>
			<string>sourcecode.c.objc</string>
			<key>path</key>
			<string>DataSource.m</string>
			<key>sourceTree</key>
			<string>&lt;group&gt;</string>
		</dict>
		<key>048F46A01CB813B600CABDCF</key>
		<dict>
			<key>fileRef</key>
			<string>048F469F1CB813B600CABDCF</string>
			<key>isa</key>
			<string>PBXBuildFile</string>
		</dict>
		<key>04C67BC91CBB9B10007968F2</key>
		<dict>
			<key>fileEncoding</key>
			<string>4</string>
			<key>isa</key>
			<string>PBXFileReference</string>
			<key>lastKnownFileType</key>
			<string>sourcecode.c.h</string>
			<key>path</key>
			<string>CollectionViewDataSource.h</string>
			<key>sourceTree</key>
			<string>&lt;group&gt;</string>
		</dict>
		<key>04C67BCA1CBB9B10007968F2</key>
		<dict>
			<key>fileEncoding</key>
			<string>4</string>
			<key>isa</key>
			<string>PBXFileReference</string>
			<key>lastKnownFileType</key>
			<string>sourcecode.cpp.objcpp</string>
			<key>path</key>
			<string>CollectionViewDataSource.mm</string>
			<key>sourceTree</key>
			<string>&lt;group&gt;</string>
		</dict>
		<key>04C67BCB1CBB9B10007968F2</key>
		<dict>
			<key>fileRef</key>
			<string>04C67BCA1CBB9B10007968F2</string>
			<key>isa</key>
			<string>PBXBuildFile</string>
		</dict>
		<key>1A9DAFD8FABE41DF06069085</key>
		<dict>
			<key>buildActionMask</key>
			<string>2147483647</string>
			<key>files</key>
			<array/>
			<key>inputPaths</key>
			<array/>
			<key>isa</key>
			<string>PBXShellScriptBuildPhase</string>
			<key>name</key>
			<string>Embed Pods Frameworks</string>
			<key>outputPaths</key>
			<array/>
			<key>runOnlyForDeploymentPostprocessing</key>
			<string>0</string>
			<key>shellPath</key>
			<string>/bin/sh</string>
			<key>shellScript</key>
			<string>"${SRCROOT}/Pods/Target Support Files/Pods-AcceptanceTests/Pods-AcceptanceTests-frameworks.sh"
</string>
			<key>showEnvVarsInLog</key>
			<string>0</string>
		</dict>
		<key>1B0251541570F89782F18200</key>
		<dict>
			<key>buildActionMask</key>
			<string>2147483647</string>
			<key>files</key>
			<array/>
			<key>inputPaths</key>
			<array/>
			<key>isa</key>
			<string>PBXShellScriptBuildPhase</string>
			<key>name</key>
			<string>Copy Pods Resources</string>
			<key>outputPaths</key>
			<array/>
			<key>runOnlyForDeploymentPostprocessing</key>
			<string>0</string>
			<key>shellPath</key>
			<string>/bin/sh</string>
			<key>shellScript</key>
			<string>"${SRCROOT}/Pods/Target Support Files/Pods/Pods-resources.sh"
</string>
			<key>showEnvVarsInLog</key>
			<string>0</string>
		</dict>
		<key>1D9C0AB32EF4C67F04FAF863</key>
		<dict>
			<key>fileRef</key>
			<string>8072472187D22A7ECBF64706</string>
			<key>isa</key>
			<string>PBXBuildFile</string>
		</dict>
		<key>3046C82DC8F90DFB9B84DBCF</key>
		<dict>
			<key>includeInIndex</key>
			<string>1</string>
			<key>isa</key>
			<string>PBXFileReference</string>
			<key>lastKnownFileType</key>
			<string>text.xcconfig</string>
			<key>name</key>
			<string>Pods-AcceptanceTests.release.xcconfig</string>
			<key>path</key>
			<string>Pods/Target Support Files/Pods-AcceptanceTests/Pods-AcceptanceTests.release.xcconfig</string>
			<key>sourceTree</key>
			<string>&lt;group&gt;</string>
		</dict>
		<key>306D81E6DF62CAF4DE8BE306</key>
		<dict>
			<key>buildActionMask</key>
			<string>2147483647</string>
			<key>files</key>
			<array/>
			<key>inputPaths</key>
			<array/>
			<key>isa</key>
			<string>PBXShellScriptBuildPhase</string>
			<key>name</key>
			<string>Copy Pods Resources</string>
			<key>outputPaths</key>
			<array/>
			<key>runOnlyForDeploymentPostprocessing</key>
			<string>0</string>
			<key>shellPath</key>
			<string>/bin/sh</string>
			<key>shellScript</key>
			<string>"${SRCROOT}/Pods/Target Support Files/Pods-AcceptanceTests/Pods-AcceptanceTests-resources.sh"
</string>
			<key>showEnvVarsInLog</key>
			<string>0</string>
		</dict>
		<key>30E172761CC527050080E797</key>
		<dict>
			<key>children</key>
			<array/>
			<key>isa</key>
			<string>PBXGroup</string>
			<key>path</key>
			<string>def import_pods     pod 'ComponentKit', '~&gt; 0.13'     pod 'SDWebImage', '~&gt;3.7' end    target 'ListOfHotels' do     import_pods end   target 'ListOfHotelsTests' do     import_pods end   target 'ListOfHotelsUITests' do     import_pods end   target 'AcceptanceTests' do     import_pods     pod 'OCSlimProject' AcceptanceTests</string>
			<key>sourceTree</key>
			<string>&lt;group&gt;</string>
		</dict>
		<key>30E1727A1CC527220080E797</key>
		<dict>
			<key>buildActionMask</key>
			<string>2147483647</string>
			<key>files</key>
			<array>
				<string>30E172861CC527220080E797</string>
				<string>30E172831CC527220080E797</string>
			</array>
			<key>isa</key>
			<string>PBXSourcesBuildPhase</string>
			<key>runOnlyForDeploymentPostprocessing</key>
			<string>0</string>
		</dict>
		<key>30E1727B1CC527220080E797</key>
		<dict>
			<key>buildActionMask</key>
			<string>2147483647</string>
			<key>files</key>
			<array>
				<string>1D9C0AB32EF4C67F04FAF863</string>
			</array>
			<key>isa</key>
			<string>PBXFrameworksBuildPhase</string>
			<key>runOnlyForDeploymentPostprocessing</key>
			<string>0</string>
		</dict>
		<key>30E1727C1CC527220080E797</key>
		<dict>
			<key>buildActionMask</key>
			<string>2147483647</string>
			<key>files</key>
			<array/>
			<key>isa</key>
			<string>PBXResourcesBuildPhase</string>
			<key>runOnlyForDeploymentPostprocessing</key>
			<string>0</string>
		</dict>
		<key>30E1727D1CC527220080E797</key>
		<dict>
			<key>buildActionMask</key>
			<string>2147483647</string>
			<key>files</key>
			<array/>
			<key>inputPaths</key>
			<array/>
			<key>isa</key>
			<string>PBXShellScriptBuildPhase</string>
			<key>outputPaths</key>
			<array/>
			<key>runOnlyForDeploymentPostprocessing</key>
			<string>0</string>
			<key>shellPath</key>
			<string>/bin/sh</string>
			<key>shellScript</key>
			<string># Validate Project Build Settings
if [ -z "${OCSLIMPROJECT_BUNDLE_RESOURCES_DIR}" ]; then
   echo "Missing expected OCSlimProject build settings. Running '$ pod update' may fix this problem"
   exit 1
fi

# Export Build Environment to Bundle Location
ENV_TARGET=${OCSLIMPROJECT_BUNDLE_RESOURCES_DIR}/env.sh

function exportTestRunnerEnv {
    mkdir -p "$(dirname "$ENV_TARGET")" &amp;&amp; touch "$ENV_TARGET"
    export | egrep '(INSTALL_DIR)|(PRODUCT_NAME)|(TARGET_BUILD_DIR)|(EXECUTABLE_FOLDER_PATH)|(DEPLOYMENT_TARGET_SUGGESTED_VALUES)|(EXECUTABLE_PATH)' &gt; $ENV_TARGET
}

# Write Test Runner Script To Project Root
TESTRUNNER_SOURCE=${OCSLIMPROJECT_BUNDLE_RESOURCES_DIR}/RunTestsTargetWithSlimPort
TESTRUNNER_TARGET=${PROJECT_DIR}/OCSlimProjectTestRunner.sh

function writeTestRunnerScript {
    
    if [ -f "$TESTRUNNER_TARGET" ]; then
        rm $TESTRUNNER_TARGET
    fi
    
    echo '#!/bin/sh' &gt; $TESTRUNNER_TARGET
    echo $TESTRUNNER_SOURCE '$1' &gt;&gt; $TESTRUNNER_TARGET
    chmod +x $TESTRUNNER_TARGET
    
}

# Symbolic Link LaunchFitnesse to Project Root
LAUNCHFITNESSE_SCRIPTNAME=LaunchFitnesse
LAUNCHFITNESSE_SOURCE=${OCSLIMPROJECT_BUNDLE_RESOURCES_DIR}/$LAUNCHFITNESSE_SCRIPTNAME
LAUNCHFITNESSE_TARGET=${PROJECT_DIR}/$LAUNCHFITNESSE_SCRIPTNAME

function linkFitnesseScript {
    
    if [ -L $LAUNCHFITNESSE_TARGET ]; then
        unlink $LAUNCHFITNESSE_TARGET
    fi
    
    ln -s $LAUNCHFITNESSE_SOURCE $(dirname "$LAUNCHFITNESSE_TARGET")
}


###

exportTestRunnerEnv
writeTestRunnerScript
linkFitnesseScript</string>
		</dict>
		<key>30E1727E1CC527220080E797</key>
		<dict>
			<key>buildConfigurationList</key>
			<string>30E1728A1CC527220080E797</string>
			<key>buildPhases</key>
			<array>
				<string>51892DD49E8A205CDA97555F</string>
				<string>30E1727A1CC527220080E797</string>
				<string>30E1727B1CC527220080E797</string>
				<string>30E1727C1CC527220080E797</string>
				<string>30E1727D1CC527220080E797</string>
				<string>1A9DAFD8FABE41DF06069085</string>
				<string>306D81E6DF62CAF4DE8BE306</string>
			</array>
			<key>buildRules</key>
			<array/>
			<key>dependencies</key>
			<array/>
			<key>isa</key>
			<string>PBXNativeTarget</string>
			<key>name</key>
			<string>AcceptanceTests</string>
			<key>productName</key>
			<string>AcceptanceTests</string>
			<key>productReference</key>
			<string>30E1727F1CC527220080E797</string>
			<key>productType</key>
			<string>com.apple.product-type.application</string>
		</dict>
		<key>30E1727F1CC527220080E797</key>
		<dict>
			<key>explicitFileType</key>
			<string>wrapper.application</string>
			<key>includeInIndex</key>
			<string>0</string>
			<key>isa</key>
			<string>PBXFileReference</string>
			<key>path</key>
			<string>AcceptanceTests.app</string>
			<key>sourceTree</key>
			<string>BUILT_PRODUCTS_DIR</string>
		</dict>
		<key>30E172801CC527220080E797</key>
		<dict>
			<key>children</key>
			<array>
				<string>30E172891CC527220080E797</string>
				<string>30E172841CC527220080E797</string>
				<string>30E172811CC527220080E797</string>
			</array>
			<key>isa</key>
			<string>PBXGroup</string>
			<key>path</key>
			<string>AcceptanceTests</string>
			<key>sourceTree</key>
			<string>&lt;group&gt;</string>
		</dict>
		<key>30E172811CC527220080E797</key>
		<dict>
			<key>children</key>
			<array>
				<string>30E172821CC527220080E797</string>
				<string>30E172871CC527220080E797</string>
				<string>30E172881CC527220080E797</string>
			</array>
			<key>isa</key>
			<string>PBXGroup</string>
			<key>name</key>
			<string>Supporting Files</string>
			<key>sourceTree</key>
			<string>&lt;group&gt;</string>
		</dict>
		<key>30E172821CC527220080E797</key>
		<dict>
			<key>isa</key>
			<string>PBXFileReference</string>
			<key>lastKnownFileType</key>
			<string>sourcecode.c.objc</string>
			<key>path</key>
			<string>AcceptanceTests.m</string>
			<key>sourceTree</key>
			<string>&lt;group&gt;</string>
		</dict>
		<key>30E172831CC527220080E797</key>
		<dict>
			<key>fileRef</key>
			<string>30E172821CC527220080E797</string>
			<key>isa</key>
			<string>PBXBuildFile</string>
		</dict>
		<key>30E172841CC527220080E797</key>
		<dict>
			<key>children</key>
			<array>
				<string>30E172851CC527220080E797</string>
			</array>
			<key>isa</key>
			<string>PBXGroup</string>
			<key>name</key>
			<string>Fixtures</string>
			<key>sourceTree</key>
			<string>&lt;group&gt;</string>
		</dict>
		<key>30E172851CC527220080E797</key>
		<dict>
			<key>isa</key>
			<string>PBXFileReference</string>
			<key>lastKnownFileType</key>
			<string>sourcecode.swift</string>
			<key>path</key>
			<string>FixtureExample.swift</string>
			<key>sourceTree</key>
			<string>&lt;group&gt;</string>
		</dict>
		<key>30E172861CC527220080E797</key>
		<dict>
			<key>fileRef</key>
			<string>30E172851CC527220080E797</string>
			<key>isa</key>
			<string>PBXBuildFile</string>
		</dict>
		<key>30E172871CC527220080E797</key>
		<dict>
			<key>isa</key>
			<string>PBXFileReference</string>
			<key>lastKnownFileType</key>
			<string>sourcecode.c.h</string>
			<key>path</key>
			<string>SlimTables.h</string>
			<key>sourceTree</key>
			<string>&lt;group&gt;</string>
		</dict>
		<key>30E172881CC527220080E797</key>
		<dict>
			<key>isa</key>
			<string>PBXFileReference</string>
			<key>lastKnownFileType</key>
			<string>sourcecode.c.h</string>
			<key>path</key>
			<string>AcceptanceTests-Bridging-Header.h</string>
			<key>sourceTree</key>
			<string>&lt;group&gt;</string>
		</dict>
		<key>30E172891CC527220080E797</key>
		<dict>
			<key>isa</key>
			<string>PBXFileReference</string>
			<key>lastKnownFileType</key>
			<string>text.plist.xml</string>
			<key>path</key>
			<string>Info.plist</string>
			<key>sourceTree</key>
			<string>&lt;group&gt;</string>
		</dict>
		<key>30E1728A1CC527220080E797</key>
		<dict>
			<key>buildConfigurations</key>
			<array>
				<string>30E1728B1CC527220080E797</string>
				<string>30E1728C1CC527220080E797</string>
			</array>
			<key>defaultConfigurationIsVisible</key>
			<string>0</string>
			<key>isa</key>
			<string>XCConfigurationList</string>
		</dict>
		<key>30E1728B1CC527220080E797</key>
		<dict>
			<key>baseConfigurationReference</key>
			<string>C36D8202309F3A33EE25C081</string>
			<key>buildSettings</key>
			<dict>
				<key>INFOPLIST_FILE</key>
				<string>AcceptanceTests/Info.plist</string>
				<key>LD_RUNPATH_SEARCH_PATHS</key>
				<string>$(inherited) @executable_path/Frameworks</string>
				<key>PRODUCT_BUNDLE_IDENTIFIER</key>
				<string>com.trickysquirrel.AcceptanceTests</string>
				<key>PRODUCT_NAME</key>
				<string>$(TARGET_NAME)</string>
				<key>SWIFT_OBJC_BRIDGING_HEADER</key>
				<string>AcceptanceTests/AcceptanceTests-Bridging-Header.h</string>
			</dict>
			<key>isa</key>
			<string>XCBuildConfiguration</string>
			<key>name</key>
			<string>Debug</string>
		</dict>
		<key>30E1728C1CC527220080E797</key>
		<dict>
			<key>baseConfigurationReference</key>
			<string>3046C82DC8F90DFB9B84DBCF</string>
			<key>buildSettings</key>
			<dict>
				<key>INFOPLIST_FILE</key>
				<string>AcceptanceTests/Info.plist</string>
				<key>LD_RUNPATH_SEARCH_PATHS</key>
				<string>$(inherited) @executable_path/Frameworks</string>
				<key>PRODUCT_BUNDLE_IDENTIFIER</key>
				<string>com.trickysquirrel.AcceptanceTests</string>
				<key>PRODUCT_NAME</key>
				<string>$(TARGET_NAME)</string>
				<key>SWIFT_OBJC_BRIDGING_HEADER</key>
				<string>AcceptanceTests/AcceptanceTests-Bridging-Header.h</string>
			</dict>
			<key>isa</key>
			<string>XCBuildConfiguration</string>
			<key>name</key>
			<string>Release</string>
		</dict>
		<key>51892DD49E8A205CDA97555F</key>
		<dict>
			<key>buildActionMask</key>
			<string>2147483647</string>
			<key>files</key>
			<array/>
			<key>inputPaths</key>
			<array/>
			<key>isa</key>
			<string>PBXShellScriptBuildPhase</string>
			<key>name</key>
			<string>Check Pods Manifest.lock</string>
			<key>outputPaths</key>
			<array/>
			<key>runOnlyForDeploymentPostprocessing</key>
			<string>0</string>
			<key>shellPath</key>
			<string>/bin/sh</string>
			<key>shellScript</key>
			<string>diff "${PODS_ROOT}/../Podfile.lock" "${PODS_ROOT}/Manifest.lock" &gt; /dev/null
if [[ $? != 0 ]] ; then
    cat &lt;&lt; EOM
error: The sandbox is not in sync with the Podfile.lock. Run 'pod install' or update your CocoaPods installation.
EOM
    exit 1
fi
</string>
			<key>showEnvVarsInLog</key>
			<string>0</string>
		</dict>
		<key>554B9FAC48D9E4DE44C0E80F</key>
		<dict>
			<key>fileRef</key>
			<string>C86CC89F23F45A2D98CC849E</string>
			<key>isa</key>
			<string>PBXBuildFile</string>
		</dict>
		<key>689B61EB35E373241BEC84A6</key>
		<dict>
			<key>includeInIndex</key>
			<string>1</string>
			<key>isa</key>
			<string>PBXFileReference</string>
			<key>lastKnownFileType</key>
			<string>text.xcconfig</string>
			<key>name</key>
			<string>Pods.release.xcconfig</string>
			<key>path</key>
			<string>Pods/Target Support Files/Pods/Pods.release.xcconfig</string>
			<key>sourceTree</key>
			<string>&lt;group&gt;</string>
		</dict>
		<key>6D3E82D199E8905ABB6F0831</key>
		<dict>
			<key>children</key>
			<array>
				<string>C86CC89F23F45A2D98CC849E</string>
				<string>8072472187D22A7ECBF64706</string>
			</array>
			<key>isa</key>
			<string>PBXGroup</string>
			<key>name</key>
			<string>Frameworks</string>
			<key>sourceTree</key>
			<string>&lt;group&gt;</string>
		</dict>
		<key>8072472187D22A7ECBF64706</key>
		<dict>
			<key>explicitFileType</key>
			<string>archive.ar</string>
			<key>includeInIndex</key>
			<string>0</string>
			<key>isa</key>
			<string>PBXFileReference</string>
			<key>path</key>
			<string>libPods-AcceptanceTests.a</string>
			<key>sourceTree</key>
			<string>BUILT_PRODUCTS_DIR</string>
		</dict>
		<key>831DF2ACE9D48C330DC17A4D</key>
		<dict>
			<key>includeInIndex</key>
			<string>1</string>
			<key>isa</key>
			<string>PBXFileReference</string>
			<key>lastKnownFileType</key>
			<string>text.xcconfig</string>
			<key>name</key>
			<string>Pods.debug.xcconfig</string>
			<key>path</key>
			<string>Pods/Target Support Files/Pods/Pods.debug.xcconfig</string>
			<key>sourceTree</key>
			<string>&lt;group&gt;</string>
		</dict>
		<key>93684CAE5C82769122935C76</key>
		<dict>
			<key>buildActionMask</key>
			<string>2147483647</string>
			<key>files</key>
			<array/>
			<key>inputPaths</key>
			<array/>
			<key>isa</key>
			<string>PBXShellScriptBuildPhase</string>
			<key>name</key>
			<string>Embed Pods Frameworks</string>
			<key>outputPaths</key>
			<array/>
			<key>runOnlyForDeploymentPostprocessing</key>
			<string>0</string>
			<key>shellPath</key>
			<string>/bin/sh</string>
			<key>shellScript</key>
			<string>"${SRCROOT}/Pods/Target Support Files/Pods/Pods-frameworks.sh"
</string>
			<key>showEnvVarsInLog</key>
			<string>0</string>
		</dict>
		<key>A283CBFDB5C7CC580348BE0A</key>
		<dict>
			<key>buildActionMask</key>
			<string>2147483647</string>
			<key>files</key>
			<array/>
			<key>inputPaths</key>
			<array/>
			<key>isa</key>
			<string>PBXShellScriptBuildPhase</string>
			<key>name</key>
			<string>Check Pods Manifest.lock</string>
			<key>outputPaths</key>
			<array/>
			<key>runOnlyForDeploymentPostprocessing</key>
			<string>0</string>
			<key>shellPath</key>
			<string>/bin/sh</string>
			<key>shellScript</key>
			<string>diff "${PODS_ROOT}/../Podfile.lock" "${PODS_ROOT}/Manifest.lock" &gt; /dev/null
if [[ $? != 0 ]] ; then
    cat &lt;&lt; EOM
error: The sandbox is not in sync with the Podfile.lock. Run 'pod install' or update your CocoaPods installation.
EOM
    exit 1
fi
</string>
			<key>showEnvVarsInLog</key>
			<string>0</string>
		</dict>
		<key>C36D8202309F3A33EE25C081</key>
		<dict>
			<key>includeInIndex</key>
			<string>1</string>
			<key>isa</key>
			<string>PBXFileReference</string>
			<key>lastKnownFileType</key>
			<string>text.xcconfig</string>
			<key>name</key>
			<string>Pods-AcceptanceTests.debug.xcconfig</string>
			<key>path</key>
			<string>Pods/Target Support Files/Pods-AcceptanceTests/Pods-AcceptanceTests.debug.xcconfig</string>
			<key>sourceTree</key>
			<string>&lt;group&gt;</string>
		</dict>
		<key>C86CC89F23F45A2D98CC849E</key>
		<dict>
			<key>explicitFileType</key>
			<string>archive.ar</string>
			<key>includeInIndex</key>
			<string>0</string>
			<key>isa</key>
			<string>PBXFileReference</string>
			<key>path</key>
			<string>libPods.a</string>
			<key>sourceTree</key>
			<string>BUILT_PRODUCTS_DIR</string>
		</dict>
		<key>E32DDB44387993664232A279</key>
		<dict>
			<key>children</key>
			<array>
				<string>831DF2ACE9D48C330DC17A4D</string>
				<string>689B61EB35E373241BEC84A6</string>
				<string>C36D8202309F3A33EE25C081</string>
				<string>3046C82DC8F90DFB9B84DBCF</string>
			</array>
			<key>isa</key>
			<string>PBXGroup</string>
			<key>name</key>
			<string>Pods</string>
			<key>sourceTree</key>
			<string>&lt;group&gt;</string>
		</dict>
	</dict>
	<key>rootObject</key>
	<string>0429ED7B1CA413B500428AFB</string>
</dict>
</plist>
